
Microsoft Visual Studio Solution File, Format Version 12.00
# Visual Studio Version 17
VisualStudioVersion = 17.0.31903.59
MinimumVisualStudioVersion = 10.0.40219.1
Project("{2150E333-8FDC-42A3-9474-1A3956D46DE8}") = "src", "src", "{827E0CD3-B72D-47B6-A68D-7590B98EB39B}"
EndProject
Project("{FAE04EC0-301F-11D3-BF4B-00C04F79EFBC}") = "Fathom.Core", "src\Fathom.Core\Fathom.Core.csproj", "{3AC1214B-784D-4DF2-BF91-4818C3E1DA83}"
EndProject
Project("{FAE04EC0-301F-11D3-BF4B-00C04F79EFBC}") = "Fathom.SqlServer", "src\Fathom.SqlServer\Fathom.SqlServer.csproj", "{2076BE86-63F6-4606-BD7D-561028252B55}"
EndProject
Project("{FAE04EC0-301F-11D3-BF4B-00C04F79EFBC}") = "Fathom.Writers", "src\Fathom.Writers\Fathom.Writers.csproj", "{5C9FB9A0-7CB1-4DA9-BD1D-BC858584CBA8}"
EndProject
Project("{FAE04EC0-301F-11D3-BF4B-00C04F79EFBC}") = "Fathom.Api", "src\Fathom.Api\Fathom.Api.csproj", "{28AAEC90-54B5-4A25-B0D1-0D8F269426F6}"
EndProject
Project("{2150E333-8FDC-42A3-9474-1A3956D46DE8}") = "tests", "tests", "{0AB3BF05-4346-4AA6-1389-037BE0695223}"
EndProject
Project("{FAE04EC0-301F-11D3-BF4B-00C04F79EFBC}") = "Fathom.Tests", "tests\Fathom.Tests\Fathom.Tests.csproj", "{BE6598B5-5A90-49AB-AB0C-1A5EE731EFC8}"
EndProject
Global
	GlobalSection(SolutionConfigurationPlatforms) = preSolution
		Debug|Any CPU = Debug|Any CPU
		Debug|x64 = Debug|x64
		Debug|x86 = Debug|x86
		Release|Any CPU = Release|Any CPU
		Release|x64 = Release|x64
		Release|x86 = Release|x86
	EndGlobalSection
	GlobalSection(ProjectConfigurationPlatforms) = postSolution
		{3AC1214B-784D-4DF2-BF91-4818C3E1DA83}.Debug|Any CPU.ActiveCfg = Debug|Any CPU
		{3AC1214B-784D-4DF2-BF91-4818C3E1DA83}.Debug|Any CPU.Build.0 = Debug|Any CPU
		{3AC1214B-784D-4DF2-BF91-4818C3E1DA83}.Debug|x64.ActiveCfg = Debug|Any CPU
		{3AC1214B-784D-4DF2-BF91-4818C3E1DA83}.Debug|x64.Build.0 = Debug|Any CPU
		{3AC1214B-784D-4DF2-BF91-4818C3E1DA83}.Debug|x86.ActiveCfg = Debug|Any CPU
		{3AC1214B-784D-4DF2-BF91-4818C3E1DA83}.Debug|x86.Build.0 = Debug|Any CPU
		{3AC1214B-784D-4DF2-BF91-4818C3E1DA83}.Release|Any CPU.ActiveCfg = Release|Any CPU
		{3AC1214B-784D-4DF2-BF91-4818C3E1DA83}.Release|Any CPU.Build.0 = Release|Any CPU
		{3AC1214B-784D-4DF2-BF91-4818C3E1DA83}.Release|x64.ActiveCfg = Release|Any CPU
		{3AC1214B-784D-4DF2-BF91-4818C3E1DA83}.Release|x64.Build.0 = Release|Any CPU
		{3AC1214B-784D-4DF2-BF91-4818C3E1DA83}.Release|x86.ActiveCfg = Release|Any CPU
		{3AC1214B-784D-4DF2-BF91-4818C3E1DA83}.Release|x86.Build.0 = Release|Any CPU
		{2076BE86-63F6-4606-BD7D-561028252B55}.Debug|Any CPU.ActiveCfg = Debug|Any CPU
		{2076BE86-63F6-4606-BD7D-561028252B55}.Debug|Any CPU.Build.0 = Debug|Any CPU
		{2076BE86-63F6-4606-BD7D-561028252B55}.Debug|x64.ActiveCfg = Debug|Any CPU
		{2076BE86-63F6-4606-BD7D-561028252B55}.Debug|x64.Build.0 = Debug|Any CPU
		{2076BE86-63F6-4606-BD7D-561028252B55}.Debug|x86.ActiveCfg = Debug|Any CPU
		{2076BE86-63F6-4606-BD7D-561028252B55}.Debug|x86.Build.0 = Debug|Any CPU
		{2076BE86-63F6-4606-BD7D-561028252B55}.Release|Any CPU.ActiveCfg = Release|Any CPU
		{2076BE86-63F6-4606-BD7D-561028252B55}.Release|Any CPU.Build.0 = Release|Any CPU
		{2076BE86-63F6-4606-BD7D-561028252B55}.Release|x64.ActiveCfg = Release|Any CPU
		{2076BE86-63F6-4606-BD7D-561028252B55}.Release|x64.Build.0 = Release|Any CPU
		{2076BE86-63F6-4606-BD7D-561028252B55}.Release|x86.ActiveCfg = Release|Any CPU
		{2076BE86-63F6-4606-BD7D-561028252B55}.Release|x86.Build.0 = Release|Any CPU
		{5C9FB9A0-7CB1-4DA9-BD1D-BC858584CBA8}.Debug|Any CPU.ActiveCfg = Debug|Any CPU
		{5C9FB9A0-7CB1-4DA9-BD1D-BC858584CBA8}.Debug|Any CPU.Build.0 = Debug|Any CPU
		{5C9FB9A0-7CB1-4DA9-BD1D-BC858584CBA8}.Debug|x64.ActiveCfg = Debug|Any CPU
		{5C9FB9A0-7CB1-4DA9-BD1D-BC858584CBA8}.Debug|x64.Build.0 = Debug|Any CPU
		{5C9FB9A0-7CB1-4DA9-BD1D-BC858584CBA8}.Debug|x86.ActiveCfg = Debug|Any CPU
		{5C9FB9A0-7CB1-4DA9-BD1D-BC858584CBA8}.Debug|x86.Build.0 = Debug|Any CPU
		{5C9FB9A0-7CB1-4DA9-BD1D-BC858584CBA8}.Release|Any CPU.ActiveCfg = Release|Any CPU
		{5C9FB9A0-7CB1-4DA9-BD1D-BC858584CBA8}.Release|Any CPU.Build.0 = Release|Any CPU
		{5C9FB9A0-7CB1-4DA9-BD1D-BC858584CBA8}.Release|x64.ActiveCfg = Release|Any CPU
		{5C9FB9A0-7CB1-4DA9-BD1D-BC858584CBA8}.Release|x64.Build.0 = Release|Any CPU
		{5C9FB9A0-7CB1-4DA9-BD1D-BC858584CBA8}.Release|x86.ActiveCfg = Release|Any CPU
		{5C9FB9A0-7CB1-4DA9-BD1D-BC858584CBA8}.Release|x86.Build.0 = Release|Any CPU
		{28AAEC90-54B5-4A25-B0D1-0D8F269426F6}.Debug|Any CPU.ActiveCfg = Debug|Any CPU
		{28AAEC90-54B5-4A25-B0D1-0D8F269426F6}.Debug|Any CPU.Build.0 = Debug|Any CPU
		{28AAEC90-54B5-4A25-B0D1-0D8F269426F6}.Debug|x64.ActiveCfg = Debug|Any CPU
		{28AAEC90-54B5-4A25-B0D1-0D8F269426F6}.Debug|x64.Build.0 = Debug|Any CPU
		{28AAEC90-54B5-4A25-B0D1-0D8F269426F6}.Debug|x86.ActiveCfg = Debug|Any CPU
		{28AAEC90-54B5-4A25-B0D1-0D8F269426F6}.Debug|x86.Build.0 = Debug|Any CPU
		{28AAEC90-54B5-4A25-B0D1-0D8F269426F6}.Release|Any CPU.ActiveCfg = Release|Any CPU
		{28AAEC90-54B5-4A25-B0D1-0D8F269426F6}.Release|Any CPU.Build.0 = Release|Any CPU
		{28AAEC90-54B5-4A25-B0D1-0D8F269426F6}.Release|x64.ActiveCfg = Release|Any CPU
		{28AAEC90-54B5-4A25-B0D1-0D8F269426F6}.Release|x64.Build.0 = Release|Any CPU
		{28AAEC90-54B5-4A25-B0D1-0D8F269426F6}.Release|x86.ActiveCfg = Release|Any CPU
		{28AAEC90-54B5-4A25-B0D1-0D8F269426F6}.Release|x86.Build.0 = Release|Any CPU
		{BE6598B5-5A90-49AB-AB0C-1A5EE731EFC8}.Debug|Any CPU.ActiveCfg = Debug|Any CPU
		{BE6598B5-5A90-49AB-AB0C-1A5EE731EFC8}.Debug|Any CPU.Build.0 = Debug|Any CPU
		{BE6598B5-5A90-49AB-AB0C-1A5EE731EFC8}.Debug|x64.ActiveCfg = Debug|Any CPU
		{BE6598B5-5A90-49AB-AB0C-1A5EE731EFC8}.Debug|x64.Build.0 = Debug|Any CPU
		{BE6598B5-5A90-49AB-AB0C-1A5EE731EFC8}.Debug|x86.ActiveCfg = Debug|Any CPU
		{BE6598B5-5A90-49AB-AB0C-1A5EE731EFC8}.Debug|x86.Build.0 = Debug|Any CPU
		{BE6598B5-5A90-49AB-AB0C-1A5EE731EFC8}.Release|Any CPU.ActiveCfg = Release|Any CPU
		{BE6598B5-5A90-49AB-AB0C-1A5EE731EFC8}.Release|Any CPU.Build.0 = Release|Any CPU
		{BE6598B5-5A90-49AB-AB0C-1A5EE731EFC8}.Release|x64.ActiveCfg = Release|Any CPU
		{BE6598B5-5A90-49AB-AB0C-1A5EE731EFC8}.Release|x64.Build.0 = Release|Any CPU
		{BE6598B5-5A90-49AB-AB0C-1A5EE731EFC8}.Release|x86.ActiveCfg = Release|Any CPU
		{BE6598B5-5A90-49AB-AB0C-1A5EE731EFC8}.Release|x86.Build.0 = Release|Any CPU
	EndGlobalSection
	GlobalSection(SolutionProperties) = preSolution
		HideSolutionNode = FALSE
	EndGlobalSection
	GlobalSection(NestedProjects) = preSolution
		{3AC1214B-784D-4DF2-BF91-4818C3E1DA83} = {827E0CD3-B72D-47B6-A68D-7590B98EB39B}
		{2076BE86-63F6-4606-BD7D-561028252B55} = {827E0CD3-B72D-47B6-A68D-7590B98EB39B}
		{5C9FB9A0-7CB1-4DA9-BD1D-BC858584CBA8} = {827E0CD3-B72D-47B6-A68D-7590B98EB39B}
		{28AAEC90-54B5-4A25-B0D1-0D8F269426F6} = {827E0CD3-B72D-47B6-A68D-7590B98EB39B}
		{BE6598B5-5A90-49AB-AB0C-1A5EE731EFC8} = {0AB3BF05-4346-4AA6-1389-037BE0695223}
	EndGlobalSection
EndGlobal
